// !$*UTF8*$!
{
	archiveVersion = 1;
	classes = {
	};
	objectVersion = 46;
	objects = {

/* Begin PBXBuildFile section */
		1B4C887E1BDFBA6100793557 /* AppDelegate.swift in Sources */ = {isa = PBXBuildFile; fileRef = 1B4C887D1BDFBA6100793557 /* AppDelegate.swift */; };
		1B4C88801BDFBA6100793557 /* ViewController.swift in Sources */ = {isa = PBXBuildFile; fileRef = 1B4C887F1BDFBA6100793557 /* ViewController.swift */; };
		1B4C88831BDFBA6100793557 /* Main.storyboard in Resources */ = {isa = PBXBuildFile; fileRef = 1B4C88811BDFBA6100793557 /* Main.storyboard */; };
		1B4C88851BDFBA6100793557 /* Assets.xcassets in Resources */ = {isa = PBXBuildFile; fileRef = 1B4C88841BDFBA6100793557 /* Assets.xcassets */; };
		1B4C88881BDFBA6100793557 /* LaunchScreen.storyboard in Resources */ = {isa = PBXBuildFile; fileRef = 1B4C88861BDFBA6100793557 /* LaunchScreen.storyboard */; };
		1B4C88931BDFBA6100793557 /* MyNewAppTests.swift in Sources */ = {isa = PBXBuildFile; fileRef = 1B4C88921BDFBA6100793557 /* MyNewAppTests.swift */; };
		1B4C889E1BDFBA6100793557 /* MyNewAppUITests.swift in Sources */ = {isa = PBXBuildFile; fileRef = 1B4C889D1BDFBA6100793557 /* MyNewAppUITests.swift */; };
/* End PBXBuildFile section */

/* Begin PBXContainerItemProxy section */
		1B4C888F1BDFBA6100793557 /* PBXContainerItemProxy */ = {
			isa = PBXContainerItemProxy;
			containerPortal = 1B4C88721BDFBA6100793557 /* Project object */;
			proxyType = 1;
			remoteGlobalIDString = 1B4C88791BDFBA6100793557;
			remoteInfo = MyNewApp;
		};
		1B4C889A1BDFBA6100793557 /* PBXContainerItemProxy */ = {
			isa = PBXContainerItemProxy;
			containerPortal = 1B4C88721BDFBA6100793557 /* Project object */;
			proxyType = 1;
			remoteGlobalIDString = 1B4C88791BDFBA6100793557;
			remoteInfo = MyNewApp;
		};
/* End PBXContainerItemProxy section */

/* Begin PBXFileReference section */
		1B4C887A1BDFBA6100793557 /* MyNewApp.app */ = {isa = PBXFileReference; explicitFileType = wrapper.application; includeInIndex = 0; path = MyNewApp.app; sourceTree = BUILT_PRODUCTS_DIR; };
		1B4C887D1BDFBA6100793557 /* AppDelegate.swift */ = {isa = PBXFileReference; lastKnownFileType = sourcecode.swift; path = AppDelegate.swift; sourceTree = "<group>"; };
		1B4C887F1BDFBA6100793557 /* ViewController.swift */ = {isa = PBXFileReference; lastKnownFileType = sourcecode.swift; path = ViewController.swift; sourceTree = "<group>"; };
		1B4C88821BDFBA6100793557 /* Base */ = {isa = PBXFileReference; lastKnownFileType = file.storyboard; name = Base; path = Base.lproj/Main.storyboard; sourceTree = "<group>"; };
		1B4C88841BDFBA6100793557 /* Assets.xcassets */ = {isa = PBXFileReference; lastKnownFileType = folder.assetcatalog; path = Assets.xcassets; sourceTree = "<group>"; };
		1B4C88871BDFBA6100793557 /* Base */ = {isa = PBXFileReference; lastKnownFileType = file.storyboard; name = Base; path = Base.lproj/LaunchScreen.storyboard; sourceTree = "<group>"; };
		1B4C88891BDFBA6100793557 /* Info.plist */ = {isa = PBXFileReference; lastKnownFileType = text.plist.xml; path = Info.plist; sourceTree = "<group>"; };
		1B4C888E1BDFBA6100793557 /* MyNewAppTests.xctest */ = {isa = PBXFileReference; explicitFileType = wrapper.cfbundle; includeInIndex = 0; path = MyNewAppTests.xctest; sourceTree = BUILT_PRODUCTS_DIR; };
		1B4C88921BDFBA6100793557 /* MyNewAppTests.swift */ = {isa = PBXFileReference; lastKnownFileType = sourcecode.swift; path = MyNewAppTests.swift; sourceTree = "<group>"; };
		1B4C88941BDFBA6100793557 /* Info.plist */ = {isa = PBXFileReference; lastKnownFileType = text.plist.xml; path = Info.plist; sourceTree = "<group>"; };
		1B4C88991BDFBA6100793557 /* MyNewAppUITests.xctest */ = {isa = PBXFileReference; explicitFileType = wrapper.cfbundle; includeInIndex = 0; path = MyNewAppUITests.xctest; sourceTree = BUILT_PRODUCTS_DIR; };
		1B4C889D1BDFBA6100793557 /* MyNewAppUITests.swift */ = {isa = PBXFileReference; lastKnownFileType = sourcecode.swift; path = MyNewAppUITests.swift; sourceTree = "<group>"; };
		1B4C889F1BDFBA6100793557 /* Info.plist */ = {isa = PBXFileReference; lastKnownFileType = text.plist.xml; path = Info.plist; sourceTree = "<group>"; };
/* End PBXFileReference section */

/* Begin PBXFrameworksBuildPhase section */
		1B4C88771BDFBA6100793557 /* Frameworks */ = {
			isa = PBXFrameworksBuildPhase;
			buildActionMask = 2147483647;
			files = (
			);
			runOnlyForDeploymentPostprocessing = 0;
		};
		1B4C888B1BDFBA6100793557 /* Frameworks */ = {
			isa = PBXFrameworksBuildPhase;
			buildActionMask = 2147483647;
			files = (
			);
			runOnlyForDeploymentPostprocessing = 0;
		};
		1B4C88961BDFBA6100793557 /* Frameworks */ = {
			isa = PBXFrameworksBuildPhase;
			buildActionMask = 2147483647;
			files = (
			);
			runOnlyForDeploymentPostprocessing = 0;
		};
/* End PBXFrameworksBuildPhase section */

/* Begin PBXGroup section */
		1B4C88711BDFBA6100793557 = {
			isa = PBXGroup;
			children = (
				1B4C887C1BDFBA6100793557 /* MyNewApp */,
				1B4C88911BDFBA6100793557 /* MyNewAppTests */,
				1B4C889C1BDFBA6100793557 /* MyNewAppUITests */,
				1B4C887B1BDFBA6100793557 /* Products */,
			);
			sourceTree = "<group>";
		};
		1B4C887B1BDFBA6100793557 /* Products */ = {
			isa = PBXGroup;
			children = (
				1B4C887A1BDFBA6100793557 /* MyNewApp.app */,
				1B4C888E1BDFBA6100793557 /* MyNewAppTests.xctest */,
				1B4C88991BDFBA6100793557 /* MyNewAppUITests.xctest */,
			);
			name = Products;
			sourceTree = "<group>";
		};
		1B4C887C1BDFBA6100793557 /* MyNewApp */ = {
			isa = PBXGroup;
			children = (
				1B4C887D1BDFBA6100793557 /* AppDelegate.swift */,
				1B4C887F1BDFBA6100793557 /* ViewController.swift */,
				1B4C88811BDFBA6100793557 /* Main.storyboard */,
				1B4C88841BDFBA6100793557 /* Assets.xcassets */,
				1B4C88861BDFBA6100793557 /* LaunchScreen.storyboard */,
				1B4C88891BDFBA6100793557 /* Info.plist */,
			);
			path = MyNewApp;
			sourceTree = "<group>";
		};
		1B4C88911BDFBA6100793557 /* MyNewAppTests */ = {
			isa = PBXGroup;
			children = (
				1B4C88921BDFBA6100793557 /* MyNewAppTests.swift */,
				1B4C88941BDFBA6100793557 /* Info.plist */,
			);
			path = MyNewAppTests;
			sourceTree = "<group>";
		};
		1B4C889C1BDFBA6100793557 /* MyNewAppUITests */ = {
			isa = PBXGroup;
			children = (
				1B4C889D1BDFBA6100793557 /* MyNewAppUITests.swift */,
				1B4C889F1BDFBA6100793557 /* Info.plist */,
			);
			path = MyNewAppUITests;
			sourceTree = "<group>";
		};
/* End PBXGroup section */

/* Begin PBXNativeTarget section */
		1B4C88791BDFBA6100793557 /* MyNewApp */ = {
			isa = PBXNativeTarget;
			buildConfigurationList = 1B4C88A21BDFBA6100793557 /* Build configuration list for PBXNativeTarget "MyNewApp" */;
			buildPhases = (
				1B4C88761BDFBA6100793557 /* Sources */,
				1B4C88771BDFBA6100793557 /* Frameworks */,
				1B4C88781BDFBA6100793557 /* Resources */,
			);
			buildRules = (
			);
			dependencies = (
			);
			name = MyNewApp;
			productName = MyNewApp;
			productReference = 1B4C887A1BDFBA6100793557 /* MyNewApp.app */;
			productType = "com.apple.product-type.application";
		};
		1B4C888D1BDFBA6100793557 /* MyNewAppTests */ = {
			isa = PBXNativeTarget;
			buildConfigurationList = 1B4C88A51BDFBA6100793557 /* Build configuration list for PBXNativeTarget "MyNewAppTests" */;
			buildPhases = (
				1B4C888A1BDFBA6100793557 /* Sources */,
				1B4C888B1BDFBA6100793557 /* Frameworks */,
				1B4C888C1BDFBA6100793557 /* Resources */,
			);
			buildRules = (
			);
			dependencies = (
				1B4C88901BDFBA6100793557 /* PBXTargetDependency */,
			);
			name = MyNewAppTests;
			productName = MyNewAppTests;
			productReference = 1B4C888E1BDFBA6100793557 /* MyNewAppTests.xctest */;
			productType = "com.apple.product-type.bundle.unit-test";
		};
		1B4C88981BDFBA6100793557 /* MyNewAppUITests */ = {
			isa = PBXNativeTarget;
			buildConfigurationList = 1B4C88A81BDFBA6100793557 /* Build configuration list for PBXNativeTarget "MyNewAppUITests" */;
			buildPhases = (
				1B4C88951BDFBA6100793557 /* Sources */,
				1B4C88961BDFBA6100793557 /* Frameworks */,
				1B4C88971BDFBA6100793557 /* Resources */,
			);
			buildRules = (
			);
			dependencies = (
				1B4C889B1BDFBA6100793557 /* PBXTargetDependency */,
			);
			name = MyNewAppUITests;
			productName = MyNewAppUITests;
			productReference = 1B4C88991BDFBA6100793557 /* MyNewAppUITests.xctest */;
			productType = "com.apple.product-type.bundle.ui-testing";
		};
/* End PBXNativeTarget section */

/* Begin PBXProject section */
		1B4C88721BDFBA6100793557 /* Project object */ = {
			isa = PBXProject;
			attributes = {
				LastSwiftUpdateCheck = 0710;
				LastUpgradeCheck = 0710;
				ORGANIZATIONNAME = "Stefano Fasce";
				TargetAttributes = {
					1B4C88791BDFBA6100793557 = {
						CreatedOnToolsVersion = 7.1;
						DevelopmentTeam = S8CJD4RGD5;
					};
					1B4C888D1BDFBA6100793557 = {
						CreatedOnToolsVersion = 7.1;
						DevelopmentTeam = S8CJD4RGD5;
						TestTargetID = 1B4C88791BDFBA6100793557;
					};
					1B4C88981BDFBA6100793557 = {
						CreatedOnToolsVersion = 7.1;
						DevelopmentTeam = S8CJD4RGD5;
						TestTargetID = 1B4C88791BDFBA6100793557;
					};
				};
			};
			buildConfigurationList = 1B4C88751BDFBA6100793557 /* Build configuration list for PBXProject "MyNewApp" */;
			compatibilityVersion = "Xcode 3.2";
			developmentRegion = English;
			hasScannedForEncodings = 0;
			knownRegions = (
				en,
				Base,
			);
			mainGroup = 1B4C88711BDFBA6100793557;
			productRefGroup = 1B4C887B1BDFBA6100793557 /* Products */;
			projectDirPath = "";
			projectRoot = "";
			targets = (
				1B4C88791BDFBA6100793557 /* MyNewApp */,
				1B4C888D1BDFBA6100793557 /* MyNewAppTests */,
				1B4C88981BDFBA6100793557 /* MyNewAppUITests */,
			);
		};
/* End PBXProject section */

/* Begin PBXResourcesBuildPhase section */
		1B4C88781BDFBA6100793557 /* Resources */ = {
			isa = PBXResourcesBuildPhase;
			buildActionMask = 2147483647;
			files = (
				1B4C88881BDFBA6100793557 /* LaunchScreen.storyboard in Resources */,
				1B4C88851BDFBA6100793557 /* Assets.xcassets in Resources */,
				1B4C88831BDFBA6100793557 /* Main.storyboard in Resources */,
			);
			runOnlyForDeploymentPostprocessing = 0;
		};
		1B4C888C1BDFBA6100793557 /* Resources */ = {
			isa = PBXResourcesBuildPhase;
			buildActionMask = 2147483647;
			files = (
			);
			runOnlyForDeploymentPostprocessing = 0;
		};
		1B4C88971BDFBA6100793557 /* Resources */ = {
			isa = PBXResourcesBuildPhase;
			buildActionMask = 2147483647;
			files = (
			);
			runOnlyForDeploymentPostprocessing = 0;
		};
/* End PBXResourcesBuildPhase section */

/* Begin PBXSourcesBuildPhase section */
		1B4C88761BDFBA6100793557 /* Sources */ = {
			isa = PBXSourcesBuildPhase;
			buildActionMask = 2147483647;
			files = (
				1B4C88801BDFBA6100793557 /* ViewController.swift in Sources */,
				1B4C887E1BDFBA6100793557 /* AppDelegate.swift in Sources */,
			);
			runOnlyForDeploymentPostprocessing = 0;
		};
		1B4C888A1BDFBA6100793557 /* Sources */ = {
			isa = PBXSourcesBuildPhase;
			buildActionMask = 2147483647;
			files = (
				1B4C88931BDFBA6100793557 /* MyNewAppTests.swift in Sources */,
			);
			runOnlyForDeploymentPostprocessing = 0;
		};
		1B4C88951BDFBA6100793557 /* Sources */ = {
			isa = PBXSourcesBuildPhase;
			buildActionMask = 2147483647;
			files = (
				1B4C889E1BDFBA6100793557 /* MyNewAppUITests.swift in Sources */,
			);
			runOnlyForDeploymentPostprocessing = 0;
		};
/* End PBXSourcesBuildPhase section */

/* Begin PBXTargetDependency section */
		1B4C88901BDFBA6100793557 /* PBXTargetDependency */ = {
			isa = PBXTargetDependency;
			target = 1B4C88791BDFBA6100793557 /* MyNewApp */;
			targetProxy = 1B4C888F1BDFBA6100793557 /* PBXContainerItemProxy */;
		};
		1B4C889B1BDFBA6100793557 /* PBXTargetDependency */ = {
			isa = PBXTargetDependency;
			target = 1B4C88791BDFBA6100793557 /* MyNewApp */;
			targetProxy = 1B4C889A1BDFBA6100793557 /* PBXContainerItemProxy */;
		};
/* End PBXTargetDependency section */

/* Begin PBXVariantGroup section */
		1B4C88811BDFBA6100793557 /* Main.storyboard */ = {
			isa = PBXVariantGroup;
			children = (
				1B4C88821BDFBA6100793557 /* Base */,
			);
			name = Main.storyboard;
			sourceTree = "<group>";
		};
		1B4C88861BDFBA6100793557 /* LaunchScreen.storyboard */ = {
			isa = PBXVariantGroup;
			children = (
				1B4C88871BDFBA6100793557 /* Base */,
			);
			name = LaunchScreen.storyboard;
			sourceTree = "<group>";
		};
/* End PBXVariantGroup section */

/* Begin XCBuildConfiguration section */
		1B4C88A01BDFBA6100793557 /* Debug */ = {
			isa = XCBuildConfiguration;
			buildSettings = {
				ALWAYS_SEARCH_USER_PATHS = NO;
				CLANG_CXX_LANGUAGE_STANDARD = "gnu++0x";
				CLANG_CXX_LIBRARY = "libc++";
				CLANG_ENABLE_MODULES = YES;
				CLANG_ENABLE_OBJC_ARC = YES;
				CLANG_WARN_BOOL_CONVERSION = YES;
				CLANG_WARN_CONSTANT_CONVERSION = YES;
				CLANG_WARN_DIRECT_OBJC_ISA_USAGE = YES_ERROR;
				CLANG_WARN_EMPTY_BODY = YES;
				CLANG_WARN_ENUM_CONVERSION = YES;
				CLANG_WARN_INT_CONVERSION = YES;
				CLANG_WARN_OBJC_ROOT_CLASS = YES_ERROR;
				CLANG_WARN_UNREACHABLE_CODE = YES;
				CLANG_WARN__DUPLICATE_METHOD_MATCH = YES;
				"CODE_SIGN_IDENTITY[sdk=iphoneos*]" = "iPhone Developer";
				COPY_PHASE_STRIP = NO;
				DEBUG_INFORMATION_FORMAT = dwarf;
				ENABLE_STRICT_OBJC_MSGSEND = YES;
				ENABLE_TESTABILITY = YES;
				GCC_C_LANGUAGE_STANDARD = gnu99;
				GCC_DYNAMIC_NO_PIC = NO;
				GCC_NO_COMMON_BLOCKS = YES;
				GCC_OPTIMIZATION_LEVEL = 0;
				GCC_PREPROCESSOR_DEFINITIONS = (
					"DEBUG=1",
					"$(inherited)",
				);
				GCC_WARN_64_TO_32_BIT_CONVERSION = YES;
				GCC_WARN_ABOUT_RETURN_TYPE = YES_ERROR;
				GCC_WARN_UNDECLARED_SELECTOR = YES;
				GCC_WARN_UNINITIALIZED_AUTOS = YES_AGGRESSIVE;
				GCC_WARN_UNUSED_FUNCTION = YES;
				GCC_WARN_UNUSED_VARIABLE = YES;
				IPHONEOS_DEPLOYMENT_TARGET = 9.1;
				MTL_ENABLE_DEBUG_INFO = YES;
				ONLY_ACTIVE_ARCH = YES;
				SDKROOT = iphoneos;
				SWIFT_OPTIMIZATION_LEVEL = "-Onone";
			};
			name = Debug;
		};
		1B4C88A11BDFBA6100793557 /* Release */ = {
			isa = XCBuildConfiguration;
			buildSettings = {
				ALWAYS_SEARCH_USER_PATHS = NO;
				CLANG_CXX_LANGUAGE_STANDARD = "gnu++0x";
				CLANG_CXX_LIBRARY = "libc++";
				CLANG_ENABLE_MODULES = YES;
				CLANG_ENABLE_OBJC_ARC = YES;
				CLANG_WARN_BOOL_CONVERSION = YES;
				CLANG_WARN_CONSTANT_CONVERSION = YES;
				CLANG_WARN_DIRECT_OBJC_ISA_USAGE = YES_ERROR;
				CLANG_WARN_EMPTY_BODY = YES;
				CLANG_WARN_ENUM_CONVERSION = YES;
				CLANG_WARN_INT_CONVERSION = YES;
				CLANG_WARN_OBJC_ROOT_CLASS = YES_ERROR;
				CLANG_WARN_UNREACHABLE_CODE = YES;
				CLANG_WARN__DUPLICATE_METHOD_MATCH = YES;
				"CODE_SIGN_IDENTITY[sdk=iphoneos*]" = "iPhone Developer";
				COPY_PHASE_STRIP = NO;
				DEBUG_INFORMATION_FORMAT = "dwarf-with-dsym";
				ENABLE_NS_ASSERTIONS = NO;
				ENABLE_STRICT_OBJC_MSGSEND = YES;
				GCC_C_LANGUAGE_STANDARD = gnu99;
				GCC_NO_COMMON_BLOCKS = YES;
				GCC_WARN_64_TO_32_BIT_CONVERSION = YES;
				GCC_WARN_ABOUT_RETURN_TYPE = YES_ERROR;
				GCC_WARN_UNDECLARED_SELECTOR = YES;
				GCC_WARN_UNINITIALIZED_AUTOS = YES_AGGRESSIVE;
				GCC_WARN_UNUSED_FUNCTION = YES;
				GCC_WARN_UNUSED_VARIABLE = YES;
				IPHONEOS_DEPLOYMENT_TARGET = 9.1;
				MTL_ENABLE_DEBUG_INFO = NO;
				SDKROOT = iphoneos;
				VALIDATE_PRODUCT = YES;
			};
			name = Release;
		};
		1B4C88A31BDFBA6100793557 /* Debug */ = {
			isa = XCBuildConfiguration;
			buildSettings = {
				ASSETCATALOG_COMPILER_APPICON_NAME = AppIcon;
				INFOPLIST_FILE = MyNewApp/Info.plist;
				LD_RUNPATH_SEARCH_PATHS = "$(inherited) @executable_path/Frameworks";
				PRODUCT_BUNDLE_IDENTIFIER = com.stefanofasce.MyNewApp;
				PRODUCT_NAME = "$(TARGET_NAME)";
			};
			name = Debug;
		};
		1B4C88A41BDFBA6100793557 /* Release */ = {
			isa = XCBuildConfiguration;
			buildSettings = {
				ASSETCATALOG_COMPILER_APPICON_NAME = AppIcon;
				INFOPLIST_FILE = MyNewApp/Info.plist;
				LD_RUNPATH_SEARCH_PATHS = "$(inherited) @executable_path/Frameworks";
				PRODUCT_BUNDLE_IDENTIFIER = com.stefanofasce.MyNewApp;
				PRODUCT_NAME = "$(TARGET_NAME)";
			};
			name = Release;
		};
		1B4C88A61BDFBA6100793557 /* Debug */ = {
			isa = XCBuildConfiguration;
			buildSettings = {
				BUNDLE_LOADER = "$(TEST_HOST)";
				INFOPLIST_FILE = MyNewAppTests/Info.plist;
				LD_RUNPATH_SEARCH_PATHS = "$(inherited) @executable_path/Frameworks @loader_path/Frameworks";
				PRODUCT_BUNDLE_IDENTIFIER = com.stefanofasce.MyNewAppTests;
				PRODUCT_NAME = "$(TARGET_NAME)";
				TEST_HOST = "$(BUILT_PRODUCTS_DIR)/MyNewApp.app/MyNewApp";
			};
			name = Debug;
		};
		1B4C88A71BDFBA6100793557 /* Release */ = {
			isa = XCBuildConfiguration;
			buildSettings = {
				BUNDLE_LOADER = "$(TEST_HOST)";
				INFOPLIST_FILE = MyNewAppTests/Info.plist;
				LD_RUNPATH_SEARCH_PATHS = "$(inherited) @executable_path/Frameworks @loader_path/Frameworks";
				PRODUCT_BUNDLE_IDENTIFIER = com.stefanofasce.MyNewAppTests;
				PRODUCT_NAME = "$(TARGET_NAME)";
				TEST_HOST = "$(BUILT_PRODUCTS_DIR)/MyNewApp.app/MyNewApp";
			};
			name = Release;
		};
		1B4C88A91BDFBA6100793557 /* Debug */ = {
			isa = XCBuildConfiguration;
			buildSettings = {
				INFOPLIST_FILE = MyNewAppUITests/Info.plist;
				LD_RUNPATH_SEARCH_PATHS = "$(inherited) @executable_path/Frameworks @loader_path/Frameworks";
				PRODUCT_BUNDLE_IDENTIFIER = com.stefanofasce.MyNewAppUITests;
				PRODUCT_NAME = "$(TARGET_NAME)";
				TEST_TARGET_NAME = MyNewApp;
				USES_XCTRUNNER = YES;
			};
			name = Debug;
		};
		1B4C88AA1BDFBA6100793557 /* Release */ = {
			isa = XCBuildConfiguration;
			buildSettings = {
				INFOPLIST_FILE = MyNewAppUITests/Info.plist;
				LD_RUNPATH_SEARCH_PATHS = "$(inherited) @executable_path/Frameworks @loader_path/Frameworks";
				PRODUCT_BUNDLE_IDENTIFIER = com.stefanofasce.MyNewAppUITests;
				PRODUCT_NAME = "$(TARGET_NAME)";
				TEST_TARGET_NAME = MyNewApp;
				USES_XCTRUNNER = YES;
			};
			name = Release;
		};
/* End XCBuildConfiguration section */

/* Begin XCConfigurationList section */
		1B4C88751BDFBA6100793557 /* Build configuration list for PBXProject "MyNewApp" */ = {
			isa = XCConfigurationList;
			buildConfigurations = (
				1B4C88A01BDFBA6100793557 /* Debug */,
				1B4C88A11BDFBA6100793557 /* Release */,
			);
			defaultConfigurationIsVisible = 0;
			defaultConfigurationName = Release;
		};
		1B4C88A21BDFBA6100793557 /* Build configuration list for PBXNativeTarget "MyNewApp" */ = {
			isa = XCConfigurationList;
			buildConfigurations = (
				1B4C88A31BDFBA6100793557 /* Debug */,
				1B4C88A41BDFBA6100793557 /* Release */,
			);
			defaultConfigurationIsVisible = 0;
		};
		1B4C88A51BDFBA6100793557 /* Build configuration list for PBXNativeTarget "MyNewAppTests" */ = {
			isa = XCConfigurationList;
			buildConfigurations = (
				1B4C88A61BDFBA6100793557 /* Debug */,
				1B4C88A71BDFBA6100793557 /* Release */,
			);
			defaultConfigurationIsVisible = 0;
		};
		1B4C88A81BDFBA6100793557 /* Build configuration list for PBXNativeTarget "MyNewAppUITests" */ = {
			isa = XCConfigurationList;
			buildConfigurations = (
				1B4C88A91BDFBA6100793557 /* Debug */,
				1B4C88AA1BDFBA6100793557 /* Release */,
			);
			defaultConfigurationIsVisible = 0;
		};
/* End XCConfigurationList section */
	};
	rootObject = 1B4C88721BDFBA6100793557 /* Project object */;
}
